
Microsoft Visual Studio Solution File, Format Version 12.00
# Visual Studio Version 17
VisualStudioVersion = 17.6.33829.357
MinimumVisualStudioVersion = 10.0.40219.1
Project("{FAE04EC0-301F-11D3-BF4B-00C04F79EFBC}") = "SomaWFA", "SomaWFA\SomaWFA.csproj", "{A10C7A67-B7EA-47BC-A680-E69A69A8391C}"
EndProject
Global
	GlobalSection(SolutionConfigurationPlatforms) = preSolution
		Debug|Any CPU = Debug|Any CPU
		Release|Any CPU = Release|Any CPU
	EndGlobalSection
	GlobalSection(ProjectConfigurationPlatforms) = postSolution
		{A10C7A67-B7EA-47BC-A680-E69A69A8391C}.Debug|Any CPU.ActiveCfg = Debug|Any CPU
		{A10C7A67-B7EA-47BC-A680-E69A69A8391C}.Debug|Any CPU.Build.0 = Debug|Any CPU
		{A10C7A67-B7EA-47BC-A680-E69A69A8391C}.Release|Any CPU.ActiveCfg = Release|Any CPU
		{A10C7A67-B7EA-47BC-A680-E69A69A8391C}.Release|Any CPU.Build.0 = Release|Any CPU
	EndGlobalSection
	GlobalSection(SolutionProperties) = preSolution
		HideSolutionNode = FALSE
	EndGlobalSection
	GlobalSection(ExtensibilityGlobals) = postSolution
		SolutionGuid = {35D77174-8AD7-47B6-BD23-D85937C55122}
	EndGlobalSection
EndGlobal
